// !$*UTF8*$!
{
	archiveVersion = 1;
	classes = {
	};
	objectVersion = 46;
	objects = {

/* Begin PBXBuildFile section */
		2D2FFCFB1A72B8FE005308D1 /* AppDelegate.swift in Sources */ = {isa = PBXBuildFile; fileRef = 2D2FFCFA1A72B8FE005308D1 /* AppDelegate.swift */; };
		2D2FFCFD1A72B8FE005308D1 /* GameScene.sks in Resources */ = {isa = PBXBuildFile; fileRef = 2D2FFCFC1A72B8FE005308D1 /* GameScene.sks */; };
		2D2FFCFF1A72B8FE005308D1 /* GameScene.swift in Sources */ = {isa = PBXBuildFile; fileRef = 2D2FFCFE1A72B8FE005308D1 /* GameScene.swift */; };
		2D2FFD011A72B8FE005308D1 /* GameViewController.swift in Sources */ = {isa = PBXBuildFile; fileRef = 2D2FFD001A72B8FE005308D1 /* GameViewController.swift */; };
		2D2FFD041A72B8FE005308D1 /* Main.storyboard in Resources */ = {isa = PBXBuildFile; fileRef = 2D2FFD021A72B8FE005308D1 /* Main.storyboard */; };
		2D2FFD061A72B8FE005308D1 /* Images.xcassets in Resources */ = {isa = PBXBuildFile; fileRef = 2D2FFD051A72B8FE005308D1 /* Images.xcassets */; };
		2D2FFD091A72B8FE005308D1 /* LaunchScreen.xib in Resources */ = {isa = PBXBuildFile; fileRef = 2D2FFD071A72B8FE005308D1 /* LaunchScreen.xib */; };
		2D2FFD151A72B8FE005308D1 /* ropeTests.swift in Sources */ = {isa = PBXBuildFile; fileRef = 2D2FFD141A72B8FE005308D1 /* ropeTests.swift */; };
/* End PBXBuildFile section */

/* Begin PBXContainerItemProxy section */
		2D2FFD0F1A72B8FE005308D1 /* PBXContainerItemProxy */ = {
			isa = PBXContainerItemProxy;
			containerPortal = 2D2FFCED1A72B8FE005308D1 /* Project object */;
			proxyType = 1;
			remoteGlobalIDString = 2D2FFCF41A72B8FE005308D1;
			remoteInfo = rope;
		};
/* End PBXContainerItemProxy section */

/* Begin PBXFileReference section */
		2D2FFCF51A72B8FE005308D1 /* rope.app */ = {isa = PBXFileReference; explicitFileType = wrapper.application; includeInIndex = 0; path = rope.app; sourceTree = BUILT_PRODUCTS_DIR; };
		2D2FFCF91A72B8FE005308D1 /* Info.plist */ = {isa = PBXFileReference; lastKnownFileType = text.plist.xml; path = Info.plist; sourceTree = "<group>"; };
		2D2FFCFA1A72B8FE005308D1 /* AppDelegate.swift */ = {isa = PBXFileReference; lastKnownFileType = sourcecode.swift; path = AppDelegate.swift; sourceTree = "<group>"; };
		2D2FFCFC1A72B8FE005308D1 /* GameScene.sks */ = {isa = PBXFileReference; lastKnownFileType = file.sks; path = GameScene.sks; sourceTree = "<group>"; };
		2D2FFCFE1A72B8FE005308D1 /* GameScene.swift */ = {isa = PBXFileReference; lastKnownFileType = sourcecode.swift; path = GameScene.swift; sourceTree = "<group>"; };
		2D2FFD001A72B8FE005308D1 /* GameViewController.swift */ = {isa = PBXFileReference; lastKnownFileType = sourcecode.swift; path = GameViewController.swift; sourceTree = "<group>"; };
		2D2FFD031A72B8FE005308D1 /* Base */ = {isa = PBXFileReference; lastKnownFileType = file.storyboard; name = Base; path = Base.lproj/Main.storyboard; sourceTree = "<group>"; };
		2D2FFD051A72B8FE005308D1 /* Images.xcassets */ = {isa = PBXFileReference; lastKnownFileType = folder.assetcatalog; path = Images.xcassets; sourceTree = "<group>"; };
		2D2FFD081A72B8FE005308D1 /* Base */ = {isa = PBXFileReference; lastKnownFileType = file.xib; name = Base; path = Base.lproj/LaunchScreen.xib; sourceTree = "<group>"; };
		2D2FFD0E1A72B8FE005308D1 /* ropeTests.xctest */ = {isa = PBXFileReference; explicitFileType = wrapper.cfbundle; includeInIndex = 0; path = ropeTests.xctest; sourceTree = BUILT_PRODUCTS_DIR; };
		2D2FFD131A72B8FE005308D1 /* Info.plist */ = {isa = PBXFileReference; lastKnownFileType = text.plist.xml; path = Info.plist; sourceTree = "<group>"; };
		2D2FFD141A72B8FE005308D1 /* ropeTests.swift */ = {isa = PBXFileReference; lastKnownFileType = sourcecode.swift; path = ropeTests.swift; sourceTree = "<group>"; };
/* End PBXFileReference section */

/* Begin PBXFrameworksBuildPhase section */
		2D2FFCF21A72B8FE005308D1 /* Frameworks */ = {
			isa = PBXFrameworksBuildPhase;
			buildActionMask = 2147483647;
			files = (
			);
			runOnlyForDeploymentPostprocessing = 0;
		};
		2D2FFD0B1A72B8FE005308D1 /* Frameworks */ = {
			isa = PBXFrameworksBuildPhase;
			buildActionMask = 2147483647;
			files = (
			);
			runOnlyForDeploymentPostprocessing = 0;
		};
/* End PBXFrameworksBuildPhase section */

/* Begin PBXGroup section */
		2D2FFCEC1A72B8FE005308D1 = {
			isa = PBXGroup;
			children = (
				2D2FFCF71A72B8FE005308D1 /* rope */,
				2D2FFD111A72B8FE005308D1 /* ropeTests */,
				2D2FFCF61A72B8FE005308D1 /* Products */,
			);
			sourceTree = "<group>";
		};
		2D2FFCF61A72B8FE005308D1 /* Products */ = {
			isa = PBXGroup;
			children = (
				2D2FFCF51A72B8FE005308D1 /* rope.app */,
				2D2FFD0E1A72B8FE005308D1 /* ropeTests.xctest */,
			);
			name = Products;
			sourceTree = "<group>";
		};
		2D2FFCF71A72B8FE005308D1 /* rope */ = {
			isa = PBXGroup;
			children = (
				2D2FFCFA1A72B8FE005308D1 /* AppDelegate.swift */,
				2D2FFCFC1A72B8FE005308D1 /* GameScene.sks */,
				2D2FFCFE1A72B8FE005308D1 /* GameScene.swift */,
				2D2FFD001A72B8FE005308D1 /* GameViewController.swift */,
				2D2FFD021A72B8FE005308D1 /* Main.storyboard */,
				2D2FFD051A72B8FE005308D1 /* Images.xcassets */,
				2D2FFD071A72B8FE005308D1 /* LaunchScreen.xib */,
				2D2FFCF81A72B8FE005308D1 /* Supporting Files */,
			);
			path = rope;
			sourceTree = "<group>";
		};
		2D2FFCF81A72B8FE005308D1 /* Supporting Files */ = {
			isa = PBXGroup;
			children = (
				2D2FFCF91A72B8FE005308D1 /* Info.plist */,
			);
			name = "Supporting Files";
			sourceTree = "<group>";
		};
		2D2FFD111A72B8FE005308D1 /* ropeTests */ = {
			isa = PBXGroup;
			children = (
				2D2FFD141A72B8FE005308D1 /* ropeTests.swift */,
				2D2FFD121A72B8FE005308D1 /* Supporting Files */,
			);
			path = ropeTests;
			sourceTree = "<group>";
		};
		2D2FFD121A72B8FE005308D1 /* Supporting Files */ = {
			isa = PBXGroup;
			children = (
				2D2FFD131A72B8FE005308D1 /* Info.plist */,
			);
			name = "Supporting Files";
			sourceTree = "<group>";
		};
/* End PBXGroup section */

/* Begin PBXNativeTarget section */
		2D2FFCF41A72B8FE005308D1 /* rope */ = {
			isa = PBXNativeTarget;
			buildConfigurationList = 2D2FFD181A72B8FE005308D1 /* Build configuration list for PBXNativeTarget "rope" */;
			buildPhases = (
				2D2FFCF11A72B8FE005308D1 /* Sources */,
				2D2FFCF21A72B8FE005308D1 /* Frameworks */,
				2D2FFCF31A72B8FE005308D1 /* Resources */,
			);
			buildRules = (
			);
			dependencies = (
			);
			name = rope;
			productName = rope;
			productReference = 2D2FFCF51A72B8FE005308D1 /* rope.app */;
			productType = "com.apple.product-type.application";
		};
		2D2FFD0D1A72B8FE005308D1 /* ropeTests */ = {
			isa = PBXNativeTarget;
			buildConfigurationList = 2D2FFD1B1A72B8FE005308D1 /* Build configuration list for PBXNativeTarget "ropeTests" */;
			buildPhases = (
				2D2FFD0A1A72B8FE005308D1 /* Sources */,
				2D2FFD0B1A72B8FE005308D1 /* Frameworks */,
				2D2FFD0C1A72B8FE005308D1 /* Resources */,
			);
			buildRules = (
			);
			dependencies = (
				2D2FFD101A72B8FE005308D1 /* PBXTargetDependency */,
			);
			name = ropeTests;
			productName = ropeTests;
			productReference = 2D2FFD0E1A72B8FE005308D1 /* ropeTests.xctest */;
			productType = "com.apple.product-type.bundle.unit-test";
		};
/* End PBXNativeTarget section */

/* Begin PBXProject section */
		2D2FFCED1A72B8FE005308D1 /* Project object */ = {
			isa = PBXProject;
			attributes = {
				LastUpgradeCheck = 0610;
				ORGANIZATIONNAME = wangbo;
				TargetAttributes = {
					2D2FFCF41A72B8FE005308D1 = {
						CreatedOnToolsVersion = 6.1.1;
					};
					2D2FFD0D1A72B8FE005308D1 = {
						CreatedOnToolsVersion = 6.1.1;
						TestTargetID = 2D2FFCF41A72B8FE005308D1;
					};
				};
			};
			buildConfigurationList = 2D2FFCF01A72B8FE005308D1 /* Build configuration list for PBXProject "rope" */;
			compatibilityVersion = "Xcode 3.2";
			developmentRegion = English;
			hasScannedForEncodings = 0;
			knownRegions = (
				en,
				Base,
			);
			mainGroup = 2D2FFCEC1A72B8FE005308D1;
			productRefGroup = 2D2FFCF61A72B8FE005308D1 /* Products */;
			projectDirPath = "";
			projectRoot = "";
			targets = (
				2D2FFCF41A72B8FE005308D1 /* rope */,
				2D2FFD0D1A72B8FE005308D1 /* ropeTests */,
			);
		};
/* End PBXProject section */

/* Begin PBXResourcesBuildPhase section */
		2D2FFCF31A72B8FE005308D1 /* Resources */ = {
			isa = PBXResourcesBuildPhase;
			buildActionMask = 2147483647;
			files = (
				2D2FFD091A72B8FE005308D1 /* LaunchScreen.xib in Resources */,
				2D2FFD061A72B8FE005308D1 /* Images.xcassets in Resources */,
				2D2FFCFD1A72B8FE005308D1 /* GameScene.sks in Resources */,
				2D2FFD041A72B8FE005308D1 /* Main.storyboard in Resources */,
			);
			runOnlyForDeploymentPostprocessing = 0;
		};
		2D2FFD0C1A72B8FE005308D1 /* Resources */ = {
			isa = PBXResourcesBuildPhase;
			buildActionMask = 2147483647;
			files = (
			);
			runOnlyForDeploymentPostprocessing = 0;
		};
/* End PBXResourcesBuildPhase section */

/* Begin PBXSourcesBuildPhase section */
		2D2FFCF11A72B8FE005308D1 /* Sources */ = {
			isa = PBXSourcesBuildPhase;
			buildActionMask = 2147483647;
			files = (
				2D2FFCFF1A72B8FE005308D1 /* GameScene.swift in Sources */,
				2D2FFD011A72B8FE005308D1 /* GameViewController.swift in Sources */,
				2D2FFCFB1A72B8FE005308D1 /* AppDelegate.swift in Sources */,
			);
			runOnlyForDeploymentPostprocessing = 0;
		};
		2D2FFD0A1A72B8FE005308D1 /* Sources */ = {
			isa = PBXSourcesBuildPhase;
			buildActionMask = 2147483647;
			files = (
				2D2FFD151A72B8FE005308D1 /* ropeTests.swift in Sources */,
			);
			runOnlyForDeploymentPostprocessing = 0;
		};
/* End PBXSourcesBuildPhase section */

/* Begin PBXTargetDependency section */
		2D2FFD101A72B8FE005308D1 /* PBXTargetDependency */ = {
			isa = PBXTargetDependency;
			target = 2D2FFCF41A72B8FE005308D1 /* rope */;
			targetProxy = 2D2FFD0F1A72B8FE005308D1 /* PBXContainerItemProxy */;
		};
/* End PBXTargetDependency section */

/* Begin PBXVariantGroup section */
		2D2FFD021A72B8FE005308D1 /* Main.storyboard */ = {
			isa = PBXVariantGroup;
			children = (
				2D2FFD031A72B8FE005308D1 /* Base */,
			);
			name = Main.storyboard;
			sourceTree = "<group>";
		};
		2D2FFD071A72B8FE005308D1 /* LaunchScreen.xib */ = {
			isa = PBXVariantGroup;
			children = (
				2D2FFD081A72B8FE005308D1 /* Base */,
			);
			name = LaunchScreen.xib;
			sourceTree = "<group>";
		};
/* End PBXVariantGroup section */

/* Begin XCBuildConfiguration section */
		2D2FFD161A72B8FE005308D1 /* Debug */ = {
			isa = XCBuildConfiguration;
			buildSettings = {
				ALWAYS_SEARCH_USER_PATHS = NO;
				CLANG_CXX_LANGUAGE_STANDARD = "gnu++0x";
				CLANG_CXX_LIBRARY = "libc++";
				CLANG_ENABLE_MODULES = YES;
				CLANG_ENABLE_OBJC_ARC = YES;
				CLANG_WARN_BOOL_CONVERSION = YES;
				CLANG_WARN_CONSTANT_CONVERSION = YES;
				CLANG_WARN_DIRECT_OBJC_ISA_USAGE = YES_ERROR;
				CLANG_WARN_EMPTY_BODY = YES;
				CLANG_WARN_ENUM_CONVERSION = YES;
				CLANG_WARN_INT_CONVERSION = YES;
				CLANG_WARN_OBJC_ROOT_CLASS = YES_ERROR;
				CLANG_WARN_UNREACHABLE_CODE = YES;
				CLANG_WARN__DUPLICATE_METHOD_MATCH = YES;
				"CODE_SIGN_IDENTITY[sdk=iphoneos*]" = "iPhone Developer";
				COPY_PHASE_STRIP = NO;
				ENABLE_STRICT_OBJC_MSGSEND = YES;
				GCC_C_LANGUAGE_STANDARD = gnu99;
				GCC_DYNAMIC_NO_PIC = NO;
				GCC_OPTIMIZATION_LEVEL = 0;
				GCC_PREPROCESSOR_DEFINITIONS = (
					"DEBUG=1",
					"$(inherited)",
				);
				GCC_SYMBOLS_PRIVATE_EXTERN = NO;
				GCC_WARN_64_TO_32_BIT_CONVERSION = YES;
				GCC_WARN_ABOUT_RETURN_TYPE = YES_ERROR;
				GCC_WARN_UNDECLARED_SELECTOR = YES;
				GCC_WARN_UNINITIALIZED_AUTOS = YES_AGGRESSIVE;
				GCC_WARN_UNUSED_FUNCTION = YES;
				GCC_WARN_UNUSED_VARIABLE = YES;
				IPHONEOS_DEPLOYMENT_TARGET = 8.1;
				MTL_ENABLE_DEBUG_INFO = YES;
				ONLY_ACTIVE_ARCH = YES;
				SDKROOT = iphoneos;
				SWIFT_OPTIMIZATION_LEVEL = "-Onone";
			};
			name = Debug;
		};
		2D2FFD171A72B8FE005308D1 /* Release */ = {
			isa = XCBuildConfiguration;
			buildSettings = {
				ALWAYS_SEARCH_USER_PATHS = NO;
				CLANG_CXX_LANGUAGE_STANDARD = "gnu++0x";
				CLANG_CXX_LIBRARY = "libc++";
				CLANG_ENABLE_MODULES = YES;
				CLANG_ENABLE_OBJC_ARC = YES;
				CLANG_WARN_BOOL_CONVERSION = YES;
				CLANG_WARN_CONSTANT_CONVERSION = YES;
				CLANG_WARN_DIRECT_OBJC_ISA_USAGE = YES_ERROR;
				CLANG_WARN_EMPTY_BODY = YES;
				CLANG_WARN_ENUM_CONVERSION = YES;
				CLANG_WARN_INT_CONVERSION = YES;
				CLANG_WARN_OBJC_ROOT_CLASS = YES_ERROR;
				CLANG_WARN_UNREACHABLE_CODE = YES;
				CLANG_WARN__DUPLICATE_METHOD_MATCH = YES;
				"CODE_SIGN_IDENTITY[sdk=iphoneos*]" = "iPhone Developer";
				COPY_PHASE_STRIP = YES;
				ENABLE_NS_ASSERTIONS = NO;
				ENABLE_STRICT_OBJC_MSGSEND = YES;
				GCC_C_LANGUAGE_STANDARD = gnu99;
				GCC_WARN_64_TO_32_BIT_CONVERSION = YES;
				GCC_WARN_ABOUT_RETURN_TYPE = YES_ERROR;
				GCC_WARN_UNDECLARED_SELECTOR = YES;
				GCC_WARN_UNINITIALIZED_AUTOS = YES_AGGRESSIVE;
				GCC_WARN_UNUSED_FUNCTION = YES;
				GCC_WARN_UNUSED_VARIABLE = YES;
				IPHONEOS_DEPLOYMENT_TARGET = 8.1;
				MTL_ENABLE_DEBUG_INFO = NO;
				SDKROOT = iphoneos;
				VALIDATE_PRODUCT = YES;
			};
			name = Release;
		};
		2D2FFD191A72B8FE005308D1 /* Debug */ = {
			isa = XCBuildConfiguration;
			buildSettings = {
				ASSETCATALOG_COMPILER_APPICON_NAME = AppIcon;
				INFOPLIST_FILE = rope/Info.plist;
				LD_RUNPATH_SEARCH_PATHS = "$(inherited) @executable_path/Frameworks";
				PRODUCT_NAME = "$(TARGET_NAME)";
			};
			name = Debug;
		};
		2D2FFD1A1A72B8FE005308D1 /* Release */ = {
			isa = XCBuildConfiguration;
			buildSettings = {
				ASSETCATALOG_COMPILER_APPICON_NAME = AppIcon;
				INFOPLIST_FILE = rope/Info.plist;
				LD_RUNPATH_SEARCH_PATHS = "$(inherited) @executable_path/Frameworks";
				PRODUCT_NAME = "$(TARGET_NAME)";
			};
			name = Release;
		};
		2D2FFD1C1A72B8FE005308D1 /* Debug */ = {
			isa = XCBuildConfiguration;
			buildSettings = {
				BUNDLE_LOADER = "$(TEST_HOST)";
				FRAMEWORK_SEARCH_PATHS = (
					"$(SDKROOT)/Developer/Library/Frameworks",
					"$(inherited)",
				);
				GCC_PREPROCESSOR_DEFINITIONS = (
					"DEBUG=1",
					"$(inherited)",
				);
				INFOPLIST_FILE = ropeTests/Info.plist;
				LD_RUNPATH_SEARCH_PATHS = "$(inherited) @executable_path/Frameworks @loader_path/Frameworks";
				PRODUCT_NAME = "$(TARGET_NAME)";
				TEST_HOST = "$(BUILT_PRODUCTS_DIR)/rope.app/rope";
			};
			name = Debug;
		};
		2D2FFD1D1A72B8FE005308D1 /* Release */ = {
			isa = XCBuildConfiguration;
			buildSettings = {
				BUNDLE_LOADER = "$(TEST_HOST)";
				FRAMEWORK_SEARCH_PATHS = (
					"$(SDKROOT)/Developer/Library/Frameworks",
					"$(inherited)",
				);
				INFOPLIST_FILE = ropeTests/Info.plist;
				LD_RUNPATH_SEARCH_PATHS = "$(inherited) @executable_path/Frameworks @loader_path/Frameworks";
				PRODUCT_NAME = "$(TARGET_NAME)";
				TEST_HOST = "$(BUILT_PRODUCTS_DIR)/rope.app/rope";
			};
			name = Release;
		};
/* End XCBuildConfiguration section */

/* Begin XCConfigurationList section */
		2D2FFCF01A72B8FE005308D1 /* Build configuration list for PBXProject "rope" */ = {
			isa = XCConfigurationList;
			buildConfigurations = (
				2D2FFD161A72B8FE005308D1 /* Debug */,
				2D2FFD171A72B8FE005308D1 /* Release */,
			);
			defaultConfigurationIsVisible = 0;
			defaultConfigurationName = Release;
		};
		2D2FFD181A72B8FE005308D1 /* Build configuration list for PBXNativeTarget "rope" */ = {
			isa = XCConfigurationList;
			buildConfigurations = (
				2D2FFD191A72B8FE005308D1 /* Debug */,
				2D2FFD1A1A72B8FE005308D1 /* Release */,
			);
			defaultConfigurationIsVisible = 0;
		};
		2D2FFD1B1A72B8FE005308D1 /* Build configuration list for PBXNativeTarget "ropeTests" */ = {
			isa = XCConfigurationList;
			buildConfigurations = (
				2D2FFD1C1A72B8FE005308D1 /* Debug */,
				2D2FFD1D1A72B8FE005308D1 /* Release */,
			);
			defaultConfigurationIsVisible = 0;
		};
/* End XCConfigurationList section */
	};
	rootObject = 2D2FFCED1A72B8FE005308D1 /* Project object */;
}
